
Microsoft Visual Studio Solution File, Format Version 12.00
# Visual Studio Version 16
VisualStudioVersion = 16.0.31005.135
MinimumVisualStudioVersion = 10.0.40219.1
Project("{FAE04EC0-301F-11D3-BF4B-00C04F79EFBC}") = "webscrapping", "webscrapping\webscrapping.csproj", "{C37D84D9-3AD6-448A-BB2F-6E37E634575E}"
EndProject
Global
	GlobalSection(SolutionConfigurationPlatforms) = preSolution
		Debug|Any CPU = Debug|Any CPU
		Release|Any CPU = Release|Any CPU
	EndGlobalSection
	GlobalSection(ProjectConfigurationPlatforms) = postSolution
		{C37D84D9-3AD6-448A-BB2F-6E37E634575E}.Debug|Any CPU.ActiveCfg = Debug|Any CPU
		{C37D84D9-3AD6-448A-BB2F-6E37E634575E}.Debug|Any CPU.Build.0 = Debug|Any CPU
		{C37D84D9-3AD6-448A-BB2F-6E37E634575E}.Release|Any CPU.ActiveCfg = Release|Any CPU
		{C37D84D9-3AD6-448A-BB2F-6E37E634575E}.Release|Any CPU.Build.0 = Release|Any CPU
	EndGlobalSection
	GlobalSection(SolutionProperties) = preSolution
		HideSolutionNode = FALSE
	EndGlobalSection
	GlobalSection(ExtensibilityGlobals) = postSolution
		SolutionGuid = {CC166D1F-825E-4826-AB77-9C509801FD36}
	EndGlobalSection
EndGlobal
